// !$*UTF8*$!
{
	archiveVersion = 1;
	classes = {
	};
	objectVersion = 55;
	objects = {

/* Begin PBXBuildFile section */
		30FC21592786AB0D00BA00AF /* Extensions.swift in Sources */ = {isa = PBXBuildFile; fileRef = 30FC21582786AB0D00BA00AF /* Extensions.swift */; };
		C20416CE279902C0002925A9 /* DozeFeatureDescriptionView.swift in Sources */ = {isa = PBXBuildFile; fileRef = C20416CD279902C0002925A9 /* DozeFeatureDescriptionView.swift */; };
		C212F47227651D260030FFC7 /* AppDelegate.swift in Sources */ = {isa = PBXBuildFile; fileRef = C212F47127651D260030FFC7 /* AppDelegate.swift */; };
		C212F47427651D260030FFC7 /* SceneDelegate.swift in Sources */ = {isa = PBXBuildFile; fileRef = C212F47327651D260030FFC7 /* SceneDelegate.swift */; };
		C212F47627651D260030FFC7 /* ViewController.swift in Sources */ = {isa = PBXBuildFile; fileRef = C212F47527651D260030FFC7 /* ViewController.swift */; };
		C212F47B27651D270030FFC7 /* Assets.xcassets in Resources */ = {isa = PBXBuildFile; fileRef = C212F47A27651D270030FFC7 /* Assets.xcassets */; };
		C212F47E27651D270030FFC7 /* LaunchScreen.storyboard in Resources */ = {isa = PBXBuildFile; fileRef = C212F47C27651D270030FFC7 /* LaunchScreen.storyboard */; };
		C212F48927651D270030FFC7 /* SleepCloneTests.swift in Sources */ = {isa = PBXBuildFile; fileRef = C212F48827651D270030FFC7 /* SleepCloneTests.swift */; };
		C212F49327651D270030FFC7 /* SleepCloneUITests.swift in Sources */ = {isa = PBXBuildFile; fileRef = C212F49227651D270030FFC7 /* SleepCloneUITests.swift */; };
		C212F49527651D270030FFC7 /* SleepCloneUITestsLaunchTests.swift in Sources */ = {isa = PBXBuildFile; fileRef = C212F49427651D270030FFC7 /* SleepCloneUITestsLaunchTests.swift */; };
		C217E3982769BC99002143A4 /* SleepStoriesViewController.swift in Sources */ = {isa = PBXBuildFile; fileRef = C217E3972769BC99002143A4 /* SleepStoriesViewController.swift */; };
		C217E39B2769BCCB002143A4 /* SongsViewController.swift in Sources */ = {isa = PBXBuildFile; fileRef = C217E39A2769BCCB002143A4 /* SongsViewController.swift */; };
		C217E39D2769BCEB002143A4 /* AdvancedFeaturesViewController.swift in Sources */ = {isa = PBXBuildFile; fileRef = C217E39C2769BCEB002143A4 /* AdvancedFeaturesViewController.swift */; };
		C217E39F2769BD08002143A4 /* RatingsViewController.swift in Sources */ = {isa = PBXBuildFile; fileRef = C217E39E2769BD08002143A4 /* RatingsViewController.swift */; };
		C22B9C29277F8797002AEE31 /* SleepStoriesView.swift in Sources */ = {isa = PBXBuildFile; fileRef = C22B9C28277F8797002AEE31 /* SleepStoriesView.swift */; };
		C22B9C2C2780E1E2002AEE31 /* SongView.swift in Sources */ = {isa = PBXBuildFile; fileRef = C22B9C2B2780E1E2002AEE31 /* SongView.swift */; };
		C22B9C2E2780E4E3002AEE31 /* SleepStoriesTableViewViewCell.swift in Sources */ = {isa = PBXBuildFile; fileRef = C22B9C2D2780E4E3002AEE31 /* SleepStoriesTableViewViewCell.swift */; };
		C27A43C327711F5900E1A846 /* SleepStoriesCell.swift in Sources */ = {isa = PBXBuildFile; fileRef = C27A43C227711F5900E1A846 /* SleepStoriesCell.swift */; };
		C2D93C6C279F877A000156A4 /* AdvancedFeaturesView.swift in Sources */ = {isa = PBXBuildFile; fileRef = C2D93C6B279F877A000156A4 /* AdvancedFeaturesView.swift */; };
		C2D93C6E279F87A5000156A4 /* AdvancedFeaturesTableViewCell.swift in Sources */ = {isa = PBXBuildFile; fileRef = C2D93C6D279F87A5000156A4 /* AdvancedFeaturesTableViewCell.swift */; };
		C2D93C70279F8B5A000156A4 /* AdvancedFeatureModel.swift in Sources */ = {isa = PBXBuildFile; fileRef = C2D93C6F279F8B5A000156A4 /* AdvancedFeatureModel.swift */; };
/* End PBXBuildFile section */

/* Begin PBXContainerItemProxy section */
		C212F48527651D270030FFC7 /* PBXContainerItemProxy */ = {
			isa = PBXContainerItemProxy;
			containerPortal = C212F46627651D260030FFC7 /* Project object */;
			proxyType = 1;
			remoteGlobalIDString = C212F46D27651D260030FFC7;
			remoteInfo = SleepClone;
		};
		C212F48F27651D270030FFC7 /* PBXContainerItemProxy */ = {
			isa = PBXContainerItemProxy;
			containerPortal = C212F46627651D260030FFC7 /* Project object */;
			proxyType = 1;
			remoteGlobalIDString = C212F46D27651D260030FFC7;
			remoteInfo = SleepClone;
		};
/* End PBXContainerItemProxy section */

/* Begin PBXFileReference section */
		30FC21582786AB0D00BA00AF /* Extensions.swift */ = {isa = PBXFileReference; lastKnownFileType = sourcecode.swift; name = Extensions.swift; path = TableViewCells/Extensions.swift; sourceTree = "<group>"; };
		C20416CD279902C0002925A9 /* DozeFeatureDescriptionView.swift */ = {isa = PBXFileReference; lastKnownFileType = sourcecode.swift; path = DozeFeatureDescriptionView.swift; sourceTree = "<group>"; };
		C212F46E27651D260030FFC7 /* SleepClone.app */ = {isa = PBXFileReference; explicitFileType = wrapper.application; includeInIndex = 0; path = SleepClone.app; sourceTree = BUILT_PRODUCTS_DIR; };
		C212F47127651D260030FFC7 /* AppDelegate.swift */ = {isa = PBXFileReference; lastKnownFileType = sourcecode.swift; path = AppDelegate.swift; sourceTree = "<group>"; };
		C212F47327651D260030FFC7 /* SceneDelegate.swift */ = {isa = PBXFileReference; lastKnownFileType = sourcecode.swift; path = SceneDelegate.swift; sourceTree = "<group>"; };
		C212F47527651D260030FFC7 /* ViewController.swift */ = {isa = PBXFileReference; lastKnownFileType = sourcecode.swift; path = ViewController.swift; sourceTree = "<group>"; };
		C212F47A27651D270030FFC7 /* Assets.xcassets */ = {isa = PBXFileReference; lastKnownFileType = folder.assetcatalog; path = Assets.xcassets; sourceTree = "<group>"; };
		C212F47D27651D270030FFC7 /* Base */ = {isa = PBXFileReference; lastKnownFileType = file.storyboard; name = Base; path = Base.lproj/LaunchScreen.storyboard; sourceTree = "<group>"; };
		C212F47F27651D270030FFC7 /* Info.plist */ = {isa = PBXFileReference; lastKnownFileType = text.plist.xml; path = Info.plist; sourceTree = "<group>"; };
		C212F48427651D270030FFC7 /* SleepCloneTests.xctest */ = {isa = PBXFileReference; explicitFileType = wrapper.cfbundle; includeInIndex = 0; path = SleepCloneTests.xctest; sourceTree = BUILT_PRODUCTS_DIR; };
		C212F48827651D270030FFC7 /* SleepCloneTests.swift */ = {isa = PBXFileReference; lastKnownFileType = sourcecode.swift; path = SleepCloneTests.swift; sourceTree = "<group>"; };
		C212F48E27651D270030FFC7 /* SleepCloneUITests.xctest */ = {isa = PBXFileReference; explicitFileType = wrapper.cfbundle; includeInIndex = 0; path = SleepCloneUITests.xctest; sourceTree = BUILT_PRODUCTS_DIR; };
		C212F49227651D270030FFC7 /* SleepCloneUITests.swift */ = {isa = PBXFileReference; lastKnownFileType = sourcecode.swift; path = SleepCloneUITests.swift; sourceTree = "<group>"; };
		C212F49427651D270030FFC7 /* SleepCloneUITestsLaunchTests.swift */ = {isa = PBXFileReference; lastKnownFileType = sourcecode.swift; path = SleepCloneUITestsLaunchTests.swift; sourceTree = "<group>"; };
		C217E3972769BC99002143A4 /* SleepStoriesViewController.swift */ = {isa = PBXFileReference; lastKnownFileType = sourcecode.swift; path = SleepStoriesViewController.swift; sourceTree = "<group>"; };
		C217E39A2769BCCB002143A4 /* SongsViewController.swift */ = {isa = PBXFileReference; lastKnownFileType = sourcecode.swift; path = SongsViewController.swift; sourceTree = "<group>"; };
		C217E39C2769BCEB002143A4 /* AdvancedFeaturesViewController.swift */ = {isa = PBXFileReference; lastKnownFileType = sourcecode.swift; path = AdvancedFeaturesViewController.swift; sourceTree = "<group>"; };
		C217E39E2769BD08002143A4 /* RatingsViewController.swift */ = {isa = PBXFileReference; lastKnownFileType = sourcecode.swift; name = RatingsViewController.swift; path = SleepClone/RatingsViewController.swift; sourceTree = SOURCE_ROOT; };
		C22B9C28277F8797002AEE31 /* SleepStoriesView.swift */ = {isa = PBXFileReference; lastKnownFileType = sourcecode.swift; path = SleepStoriesView.swift; sourceTree = "<group>"; };
		C22B9C2B2780E1E2002AEE31 /* SongView.swift */ = {isa = PBXFileReference; lastKnownFileType = sourcecode.swift; path = SongView.swift; sourceTree = "<group>"; };
		C22B9C2D2780E4E3002AEE31 /* SleepStoriesTableViewViewCell.swift */ = {isa = PBXFileReference; lastKnownFileType = sourcecode.swift; path = SleepStoriesTableViewViewCell.swift; sourceTree = "<group>"; };
		C27A43C227711F5900E1A846 /* SleepStoriesCell.swift */ = {isa = PBXFileReference; lastKnownFileType = sourcecode.swift; path = SleepStoriesCell.swift; sourceTree = "<group>"; };
		C2D93C6B279F877A000156A4 /* AdvancedFeaturesView.swift */ = {isa = PBXFileReference; lastKnownFileType = sourcecode.swift; path = AdvancedFeaturesView.swift; sourceTree = "<group>"; };
		C2D93C6D279F87A5000156A4 /* AdvancedFeaturesTableViewCell.swift */ = {isa = PBXFileReference; lastKnownFileType = sourcecode.swift; path = AdvancedFeaturesTableViewCell.swift; sourceTree = "<group>"; };
		C2D93C6F279F8B5A000156A4 /* AdvancedFeatureModel.swift */ = {isa = PBXFileReference; lastKnownFileType = sourcecode.swift; path = AdvancedFeatureModel.swift; sourceTree = "<group>"; };
/* End PBXFileReference section */

/* Begin PBXFrameworksBuildPhase section */
		C212F46B27651D260030FFC7 /* Frameworks */ = {
			isa = PBXFrameworksBuildPhase;
			buildActionMask = 2147483647;
			files = (
			);
			runOnlyForDeploymentPostprocessing = 0;
		};
		C212F48127651D270030FFC7 /* Frameworks */ = {
			isa = PBXFrameworksBuildPhase;
			buildActionMask = 2147483647;
			files = (
			);
			runOnlyForDeploymentPostprocessing = 0;
		};
		C212F48B27651D270030FFC7 /* Frameworks */ = {
			isa = PBXFrameworksBuildPhase;
			buildActionMask = 2147483647;
			files = (
			);
			runOnlyForDeploymentPostprocessing = 0;
		};
/* End PBXFrameworksBuildPhase section */

/* Begin PBXGroup section */
		C212F46527651D260030FFC7 = {
			isa = PBXGroup;
			children = (
				C212F47027651D260030FFC7 /* SleepClone */,
				C212F48727651D270030FFC7 /* SleepCloneTests */,
				C212F49127651D270030FFC7 /* SleepCloneUITests */,
				C212F46F27651D260030FFC7 /* Products */,
			);
			sourceTree = "<group>";
		};
		C212F46F27651D260030FFC7 /* Products */ = {
			isa = PBXGroup;
			children = (
				C212F46E27651D260030FFC7 /* SleepClone.app */,
				C212F48427651D270030FFC7 /* SleepCloneTests.xctest */,
				C212F48E27651D270030FFC7 /* SleepCloneUITests.xctest */,
			);
			name = Products;
			sourceTree = "<group>";
		};
		C212F47027651D260030FFC7 /* SleepClone */ = {
			isa = PBXGroup;
			children = (
				30FC21582786AB0D00BA00AF /* Extensions.swift */,
				C212F47127651D260030FFC7 /* AppDelegate.swift */,
				C212F47327651D260030FFC7 /* SceneDelegate.swift */,
				C2D93C71279F8B68000156A4 /* Models */,
				C22B9C302780E501002AEE31 /* CollectionViewCells */,
				C22B9C2F2780E4F2002AEE31 /* TableViewCells */,
				C22B9C2A2780E1BE002AEE31 /* Views */,
				C217E3992769BCA1002143A4 /* ViewControllers */,
				C212F47A27651D270030FFC7 /* Assets.xcassets */,
				C212F47C27651D270030FFC7 /* LaunchScreen.storyboard */,
				C212F47F27651D270030FFC7 /* Info.plist */,
			);
			path = SleepClone;
			sourceTree = "<group>";
		};
		C212F48727651D270030FFC7 /* SleepCloneTests */ = {
			isa = PBXGroup;
			children = (
				C212F48827651D270030FFC7 /* SleepCloneTests.swift */,
			);
			path = SleepCloneTests;
			sourceTree = "<group>";
		};
		C212F49127651D270030FFC7 /* SleepCloneUITests */ = {
			isa = PBXGroup;
			children = (
				C212F49227651D270030FFC7 /* SleepCloneUITests.swift */,
				C212F49427651D270030FFC7 /* SleepCloneUITestsLaunchTests.swift */,
			);
			path = SleepCloneUITests;
			sourceTree = "<group>";
		};
		C217E3992769BCA1002143A4 /* ViewControllers */ = {
			isa = PBXGroup;
			children = (
				C212F47527651D260030FFC7 /* ViewController.swift */,
				C217E3972769BC99002143A4 /* SleepStoriesViewController.swift */,
				C217E39A2769BCCB002143A4 /* SongsViewController.swift */,
				C217E39C2769BCEB002143A4 /* AdvancedFeaturesViewController.swift */,
				C217E39E2769BD08002143A4 /* RatingsViewController.swift */,
			);
			path = ViewControllers;
			sourceTree = "<group>";
		};
		C22B9C2A2780E1BE002AEE31 /* Views */ = {
			isa = PBXGroup;
			children = (
				C22B9C28277F8797002AEE31 /* SleepStoriesView.swift */,
				C2D93C6B279F877A000156A4 /* AdvancedFeaturesView.swift */,
				C20416CD279902C0002925A9 /* DozeFeatureDescriptionView.swift */,
				C22B9C2B2780E1E2002AEE31 /* SongView.swift */,
			);
			path = Views;
			sourceTree = "<group>";
		};
		C22B9C2F2780E4F2002AEE31 /* TableViewCells */ = {
			isa = PBXGroup;
			children = (
				C22B9C2D2780E4E3002AEE31 /* SleepStoriesTableViewViewCell.swift */,
				C2D93C6D279F87A5000156A4 /* AdvancedFeaturesTableViewCell.swift */,
			);
			path = TableViewCells;
			sourceTree = "<group>";
		};
		C22B9C302780E501002AEE31 /* CollectionViewCells */ = {
			isa = PBXGroup;
			children = (
				C27A43C227711F5900E1A846 /* SleepStoriesCell.swift */,
			);
			path = CollectionViewCells;
			sourceTree = "<group>";
		};
		C2D93C71279F8B68000156A4 /* Models */ = {
			isa = PBXGroup;
			children = (
				C2D93C6F279F8B5A000156A4 /* AdvancedFeatureModel.swift */,
			);
			path = Models;
			sourceTree = "<group>";
		};
/* End PBXGroup section */

/* Begin PBXNativeTarget section */
		C212F46D27651D260030FFC7 /* SleepClone */ = {
			isa = PBXNativeTarget;
			buildConfigurationList = C212F49827651D270030FFC7 /* Build configuration list for PBXNativeTarget "SleepClone" */;
			buildPhases = (
				C212F46A27651D260030FFC7 /* Sources */,
				C212F46B27651D260030FFC7 /* Frameworks */,
				C212F46C27651D260030FFC7 /* Resources */,
			);
			buildRules = (
			);
			dependencies = (
			);
			name = SleepClone;
			productName = SleepClone;
			productReference = C212F46E27651D260030FFC7 /* SleepClone.app */;
			productType = "com.apple.product-type.application";
		};
		C212F48327651D270030FFC7 /* SleepCloneTests */ = {
			isa = PBXNativeTarget;
			buildConfigurationList = C212F49B27651D270030FFC7 /* Build configuration list for PBXNativeTarget "SleepCloneTests" */;
			buildPhases = (
				C212F48027651D270030FFC7 /* Sources */,
				C212F48127651D270030FFC7 /* Frameworks */,
				C212F48227651D270030FFC7 /* Resources */,
			);
			buildRules = (
			);
			dependencies = (
				C212F48627651D270030FFC7 /* PBXTargetDependency */,
			);
			name = SleepCloneTests;
			productName = SleepCloneTests;
			productReference = C212F48427651D270030FFC7 /* SleepCloneTests.xctest */;
			productType = "com.apple.product-type.bundle.unit-test";
		};
		C212F48D27651D270030FFC7 /* SleepCloneUITests */ = {
			isa = PBXNativeTarget;
			buildConfigurationList = C212F49E27651D270030FFC7 /* Build configuration list for PBXNativeTarget "SleepCloneUITests" */;
			buildPhases = (
				C212F48A27651D270030FFC7 /* Sources */,
				C212F48B27651D270030FFC7 /* Frameworks */,
				C212F48C27651D270030FFC7 /* Resources */,
			);
			buildRules = (
			);
			dependencies = (
				C212F49027651D270030FFC7 /* PBXTargetDependency */,
			);
			name = SleepCloneUITests;
			productName = SleepCloneUITests;
			productReference = C212F48E27651D270030FFC7 /* SleepCloneUITests.xctest */;
			productType = "com.apple.product-type.bundle.ui-testing";
		};
/* End PBXNativeTarget section */

/* Begin PBXProject section */
		C212F46627651D260030FFC7 /* Project object */ = {
			isa = PBXProject;
			attributes = {
				BuildIndependentTargetsInParallel = 1;
				LastSwiftUpdateCheck = 1310;
				LastUpgradeCheck = 1310;
				TargetAttributes = {
					C212F46D27651D260030FFC7 = {
						CreatedOnToolsVersion = 13.1;
					};
					C212F48327651D270030FFC7 = {
						CreatedOnToolsVersion = 13.1;
						TestTargetID = C212F46D27651D260030FFC7;
					};
					C212F48D27651D270030FFC7 = {
						CreatedOnToolsVersion = 13.1;
						TestTargetID = C212F46D27651D260030FFC7;
					};
				};
			};
			buildConfigurationList = C212F46927651D260030FFC7 /* Build configuration list for PBXProject "SleepClone" */;
			compatibilityVersion = "Xcode 13.0";
			developmentRegion = en;
			hasScannedForEncodings = 0;
			knownRegions = (
				en,
				Base,
			);
			mainGroup = C212F46527651D260030FFC7;
			productRefGroup = C212F46F27651D260030FFC7 /* Products */;
			projectDirPath = "";
			projectRoot = "";
			targets = (
				C212F46D27651D260030FFC7 /* SleepClone */,
				C212F48327651D270030FFC7 /* SleepCloneTests */,
				C212F48D27651D270030FFC7 /* SleepCloneUITests */,
			);
		};
/* End PBXProject section */

/* Begin PBXResourcesBuildPhase section */
		C212F46C27651D260030FFC7 /* Resources */ = {
			isa = PBXResourcesBuildPhase;
			buildActionMask = 2147483647;
			files = (
				C212F47E27651D270030FFC7 /* LaunchScreen.storyboard in Resources */,
				C212F47B27651D270030FFC7 /* Assets.xcassets in Resources */,
			);
			runOnlyForDeploymentPostprocessing = 0;
		};
		C212F48227651D270030FFC7 /* Resources */ = {
			isa = PBXResourcesBuildPhase;
			buildActionMask = 2147483647;
			files = (
			);
			runOnlyForDeploymentPostprocessing = 0;
		};
		C212F48C27651D270030FFC7 /* Resources */ = {
			isa = PBXResourcesBuildPhase;
			buildActionMask = 2147483647;
			files = (
			);
			runOnlyForDeploymentPostprocessing = 0;
		};
/* End PBXResourcesBuildPhase section */

/* Begin PBXSourcesBuildPhase section */
		C212F46A27651D260030FFC7 /* Sources */ = {
			isa = PBXSourcesBuildPhase;
			buildActionMask = 2147483647;
			files = (
				C20416CE279902C0002925A9 /* DozeFeatureDescriptionView.swift in Sources */,
				C217E3982769BC99002143A4 /* SleepStoriesViewController.swift in Sources */,
				C22B9C2E2780E4E3002AEE31 /* SleepStoriesTableViewViewCell.swift in Sources */,
				C212F47627651D260030FFC7 /* ViewController.swift in Sources */,
				C217E39F2769BD08002143A4 /* RatingsViewController.swift in Sources */,
				C27A43C327711F5900E1A846 /* SleepStoriesCell.swift in Sources */,
				C217E39B2769BCCB002143A4 /* SongsViewController.swift in Sources */,
				C2D93C6E279F87A5000156A4 /* AdvancedFeaturesTableViewCell.swift in Sources */,
				C2D93C70279F8B5A000156A4 /* AdvancedFeatureModel.swift in Sources */,
				C22B9C29277F8797002AEE31 /* SleepStoriesView.swift in Sources */,
				30FC21592786AB0D00BA00AF /* Extensions.swift in Sources */,
				C212F47227651D260030FFC7 /* AppDelegate.swift in Sources */,
				C22B9C2C2780E1E2002AEE31 /* SongView.swift in Sources */,
				C212F47427651D260030FFC7 /* SceneDelegate.swift in Sources */,
				C217E39D2769BCEB002143A4 /* AdvancedFeaturesViewController.swift in Sources */,
				C2D93C6C279F877A000156A4 /* AdvancedFeaturesView.swift in Sources */,
			);
			runOnlyForDeploymentPostprocessing = 0;
		};
		C212F48027651D270030FFC7 /* Sources */ = {
			isa = PBXSourcesBuildPhase;
			buildActionMask = 2147483647;
			files = (
				C212F48927651D270030FFC7 /* SleepCloneTests.swift in Sources */,
			);
			runOnlyForDeploymentPostprocessing = 0;
		};
		C212F48A27651D270030FFC7 /* Sources */ = {
			isa = PBXSourcesBuildPhase;
			buildActionMask = 2147483647;
			files = (
				C212F49527651D270030FFC7 /* SleepCloneUITestsLaunchTests.swift in Sources */,
				C212F49327651D270030FFC7 /* SleepCloneUITests.swift in Sources */,
			);
			runOnlyForDeploymentPostprocessing = 0;
		};
/* End PBXSourcesBuildPhase section */

/* Begin PBXTargetDependency section */
		C212F48627651D270030FFC7 /* PBXTargetDependency */ = {
			isa = PBXTargetDependency;
			target = C212F46D27651D260030FFC7 /* SleepClone */;
			targetProxy = C212F48527651D270030FFC7 /* PBXContainerItemProxy */;
		};
		C212F49027651D270030FFC7 /* PBXTargetDependency */ = {
			isa = PBXTargetDependency;
			target = C212F46D27651D260030FFC7 /* SleepClone */;
			targetProxy = C212F48F27651D270030FFC7 /* PBXContainerItemProxy */;
		};
/* End PBXTargetDependency section */

/* Begin PBXVariantGroup section */
		C212F47C27651D270030FFC7 /* LaunchScreen.storyboard */ = {
			isa = PBXVariantGroup;
			children = (
				C212F47D27651D270030FFC7 /* Base */,
			);
			name = LaunchScreen.storyboard;
			sourceTree = "<group>";
		};
/* End PBXVariantGroup section */

/* Begin XCBuildConfiguration section */
		C212F49627651D270030FFC7 /* Debug */ = {
			isa = XCBuildConfiguration;
			buildSettings = {
				ALWAYS_SEARCH_USER_PATHS = NO;
				CLANG_ANALYZER_NONNULL = YES;
				CLANG_ANALYZER_NUMBER_OBJECT_CONVERSION = YES_AGGRESSIVE;
				CLANG_CXX_LANGUAGE_STANDARD = "gnu++17";
				CLANG_CXX_LIBRARY = "libc++";
				CLANG_ENABLE_MODULES = YES;
				CLANG_ENABLE_OBJC_ARC = YES;
				CLANG_ENABLE_OBJC_WEAK = YES;
				CLANG_WARN_BLOCK_CAPTURE_AUTORELEASING = YES;
				CLANG_WARN_BOOL_CONVERSION = YES;
				CLANG_WARN_COMMA = YES;
				CLANG_WARN_CONSTANT_CONVERSION = YES;
				CLANG_WARN_DEPRECATED_OBJC_IMPLEMENTATIONS = YES;
				CLANG_WARN_DIRECT_OBJC_ISA_USAGE = YES_ERROR;
				CLANG_WARN_DOCUMENTATION_COMMENTS = YES;
				CLANG_WARN_EMPTY_BODY = YES;
				CLANG_WARN_ENUM_CONVERSION = YES;
				CLANG_WARN_INFINITE_RECURSION = YES;
				CLANG_WARN_INT_CONVERSION = YES;
				CLANG_WARN_NON_LITERAL_NULL_CONVERSION = YES;
				CLANG_WARN_OBJC_IMPLICIT_RETAIN_SELF = YES;
				CLANG_WARN_OBJC_LITERAL_CONVERSION = YES;
				CLANG_WARN_OBJC_ROOT_CLASS = YES_ERROR;
				CLANG_WARN_QUOTED_INCLUDE_IN_FRAMEWORK_HEADER = YES;
				CLANG_WARN_RANGE_LOOP_ANALYSIS = YES;
				CLANG_WARN_STRICT_PROTOTYPES = YES;
				CLANG_WARN_SUSPICIOUS_MOVE = YES;
				CLANG_WARN_UNGUARDED_AVAILABILITY = YES_AGGRESSIVE;
				CLANG_WARN_UNREACHABLE_CODE = YES;
				CLANG_WARN__DUPLICATE_METHOD_MATCH = YES;
				COPY_PHASE_STRIP = NO;
				DEBUG_INFORMATION_FORMAT = dwarf;
				ENABLE_STRICT_OBJC_MSGSEND = YES;
				ENABLE_TESTABILITY = YES;
				GCC_C_LANGUAGE_STANDARD = gnu11;
				GCC_DYNAMIC_NO_PIC = NO;
				GCC_NO_COMMON_BLOCKS = YES;
				GCC_OPTIMIZATION_LEVEL = 0;
				GCC_PREPROCESSOR_DEFINITIONS = (
					"DEBUG=1",
					"$(inherited)",
				);
				GCC_WARN_64_TO_32_BIT_CONVERSION = YES;
				GCC_WARN_ABOUT_RETURN_TYPE = YES_ERROR;
				GCC_WARN_UNDECLARED_SELECTOR = YES;
				GCC_WARN_UNINITIALIZED_AUTOS = YES_AGGRESSIVE;
				GCC_WARN_UNUSED_FUNCTION = YES;
				GCC_WARN_UNUSED_VARIABLE = YES;
				IPHONEOS_DEPLOYMENT_TARGET = 15.0;
				MTL_ENABLE_DEBUG_INFO = INCLUDE_SOURCE;
				MTL_FAST_MATH = YES;
				ONLY_ACTIVE_ARCH = YES;
				SDKROOT = iphoneos;
				SWIFT_ACTIVE_COMPILATION_CONDITIONS = DEBUG;
				SWIFT_OPTIMIZATION_LEVEL = "-Onone";
			};
			name = Debug;
		};
		C212F49727651D270030FFC7 /* Release */ = {
			isa = XCBuildConfiguration;
			buildSettings = {
				ALWAYS_SEARCH_USER_PATHS = NO;
				CLANG_ANALYZER_NONNULL = YES;
				CLANG_ANALYZER_NUMBER_OBJECT_CONVERSION = YES_AGGRESSIVE;
				CLANG_CXX_LANGUAGE_STANDARD = "gnu++17";
				CLANG_CXX_LIBRARY = "libc++";
				CLANG_ENABLE_MODULES = YES;
				CLANG_ENABLE_OBJC_ARC = YES;
				CLANG_ENABLE_OBJC_WEAK = YES;
				CLANG_WARN_BLOCK_CAPTURE_AUTORELEASING = YES;
				CLANG_WARN_BOOL_CONVERSION = YES;
				CLANG_WARN_COMMA = YES;
				CLANG_WARN_CONSTANT_CONVERSION = YES;
				CLANG_WARN_DEPRECATED_OBJC_IMPLEMENTATIONS = YES;
				CLANG_WARN_DIRECT_OBJC_ISA_USAGE = YES_ERROR;
				CLANG_WARN_DOCUMENTATION_COMMENTS = YES;
				CLANG_WARN_EMPTY_BODY = YES;
				CLANG_WARN_ENUM_CONVERSION = YES;
				CLANG_WARN_INFINITE_RECURSION = YES;
				CLANG_WARN_INT_CONVERSION = YES;
				CLANG_WARN_NON_LITERAL_NULL_CONVERSION = YES;
				CLANG_WARN_OBJC_IMPLICIT_RETAIN_SELF = YES;
				CLANG_WARN_OBJC_LITERAL_CONVERSION = YES;
				CLANG_WARN_OBJC_ROOT_CLASS = YES_ERROR;
				CLANG_WARN_QUOTED_INCLUDE_IN_FRAMEWORK_HEADER = YES;
				CLANG_WARN_RANGE_LOOP_ANALYSIS = YES;
				CLANG_WARN_STRICT_PROTOTYPES = YES;
				CLANG_WARN_SUSPICIOUS_MOVE = YES;
				CLANG_WARN_UNGUARDED_AVAILABILITY = YES_AGGRESSIVE;
				CLANG_WARN_UNREACHABLE_CODE = YES;
				CLANG_WARN__DUPLICATE_METHOD_MATCH = YES;
				COPY_PHASE_STRIP = NO;
				DEBUG_INFORMATION_FORMAT = "dwarf-with-dsym";
				ENABLE_NS_ASSERTIONS = NO;
				ENABLE_STRICT_OBJC_MSGSEND = YES;
				GCC_C_LANGUAGE_STANDARD = gnu11;
				GCC_NO_COMMON_BLOCKS = YES;
				GCC_WARN_64_TO_32_BIT_CONVERSION = YES;
				GCC_WARN_ABOUT_RETURN_TYPE = YES_ERROR;
				GCC_WARN_UNDECLARED_SELECTOR = YES;
				GCC_WARN_UNINITIALIZED_AUTOS = YES_AGGRESSIVE;
				GCC_WARN_UNUSED_FUNCTION = YES;
				GCC_WARN_UNUSED_VARIABLE = YES;
				IPHONEOS_DEPLOYMENT_TARGET = 15.0;
				MTL_ENABLE_DEBUG_INFO = NO;
				MTL_FAST_MATH = YES;
				SDKROOT = iphoneos;
				SWIFT_COMPILATION_MODE = wholemodule;
				SWIFT_OPTIMIZATION_LEVEL = "-O";
				VALIDATE_PRODUCT = YES;
			};
			name = Release;
		};
		C212F49927651D270030FFC7 /* Debug */ = {
			isa = XCBuildConfiguration;
			buildSettings = {
				ASSETCATALOG_COMPILER_APPICON_NAME = AppIcon;
				ASSETCATALOG_COMPILER_GLOBAL_ACCENT_COLOR_NAME = AccentColor;
				CODE_SIGN_STYLE = Automatic;
				CURRENT_PROJECT_VERSION = 1;
				DEVELOPMENT_TEAM = H2MF6LA832;
				GENERATE_INFOPLIST_FILE = YES;
				INFOPLIST_FILE = SleepClone/Info.plist;
				INFOPLIST_KEY_UIApplicationSupportsIndirectInputEvents = YES;
				INFOPLIST_KEY_UILaunchStoryboardName = LaunchScreen;
				INFOPLIST_KEY_UISupportedInterfaceOrientations_iPad = "UIInterfaceOrientationPortrait UIInterfaceOrientationPortraitUpsideDown UIInterfaceOrientationLandscapeLeft UIInterfaceOrientationLandscapeRight";
				INFOPLIST_KEY_UISupportedInterfaceOrientations_iPhone = "UIInterfaceOrientationPortrait UIInterfaceOrientationLandscapeLeft UIInterfaceOrientationLandscapeRight";
				LD_RUNPATH_SEARCH_PATHS = (
					"$(inherited)",
					"@executable_path/Frameworks",
				);
				MARKETING_VERSION = 1.0;
				PRODUCT_BUNDLE_IDENTIFIER = com.justinbengtson.SleepClone;
				PRODUCT_NAME = "$(TARGET_NAME)";
				SWIFT_EMIT_LOC_STRINGS = YES;
				SWIFT_VERSION = 5.0;
				TARGETED_DEVICE_FAMILY = "1,2";
			};
			name = Debug;
		};
		C212F49A27651D270030FFC7 /* Release */ = {
			isa = XCBuildConfiguration;
			buildSettings = {
				ASSETCATALOG_COMPILER_APPICON_NAME = AppIcon;
				ASSETCATALOG_COMPILER_GLOBAL_ACCENT_COLOR_NAME = AccentColor;
				CODE_SIGN_STYLE = Automatic;
				CURRENT_PROJECT_VERSION = 1;
				DEVELOPMENT_TEAM = H2MF6LA832;
				GENERATE_INFOPLIST_FILE = YES;
				INFOPLIST_FILE = SleepClone/Info.plist;
				INFOPLIST_KEY_UIApplicationSupportsIndirectInputEvents = YES;
				INFOPLIST_KEY_UILaunchStoryboardName = LaunchScreen;
				INFOPLIST_KEY_UISupportedInterfaceOrientations_iPad = "UIInterfaceOrientationPortrait UIInterfaceOrientationPortraitUpsideDown UIInterfaceOrientationLandscapeLeft UIInterfaceOrientationLandscapeRight";
				INFOPLIST_KEY_UISupportedInterfaceOrientations_iPhone = "UIInterfaceOrientationPortrait UIInterfaceOrientationLandscapeLeft UIInterfaceOrientationLandscapeRight";
				LD_RUNPATH_SEARCH_PATHS = (
					"$(inherited)",
					"@executable_path/Frameworks",
				);
				MARKETING_VERSION = 1.0;
				PRODUCT_BUNDLE_IDENTIFIER = com.justinbengtson.SleepClone;
				PRODUCT_NAME = "$(TARGET_NAME)";
				SWIFT_EMIT_LOC_STRINGS = YES;
				SWIFT_VERSION = 5.0;
				TARGETED_DEVICE_FAMILY = "1,2";
			};
			name = Release;
		};
		C212F49C27651D270030FFC7 /* Debug */ = {
			isa = XCBuildConfiguration;
			buildSettings = {
				ALWAYS_EMBED_SWIFT_STANDARD_LIBRARIES = YES;
				BUNDLE_LOADER = "$(TEST_HOST)";
				CODE_SIGN_STYLE = Automatic;
				CURRENT_PROJECT_VERSION = 1;
				DEVELOPMENT_TEAM = H2MF6LA832;
				GENERATE_INFOPLIST_FILE = YES;
				IPHONEOS_DEPLOYMENT_TARGET = 15.0;
				LD_RUNPATH_SEARCH_PATHS = (
					"$(inherited)",
					"@executable_path/Frameworks",
					"@loader_path/Frameworks",
				);
				MARKETING_VERSION = 1.0;
				PRODUCT_BUNDLE_IDENTIFIER = com.justinbengtson.SleepCloneTests;
				PRODUCT_NAME = "$(TARGET_NAME)";
				SWIFT_EMIT_LOC_STRINGS = NO;
				SWIFT_VERSION = 5.0;
				TARGETED_DEVICE_FAMILY = "1,2";
				TEST_HOST = "$(BUILT_PRODUCTS_DIR)/SleepClone.app/SleepClone";
			};
			name = Debug;
		};
		C212F49D27651D270030FFC7 /* Release */ = {
			isa = XCBuildConfiguration;
			buildSettings = {
				ALWAYS_EMBED_SWIFT_STANDARD_LIBRARIES = YES;
				BUNDLE_LOADER = "$(TEST_HOST)";
				CODE_SIGN_STYLE = Automatic;
				CURRENT_PROJECT_VERSION = 1;
				DEVELOPMENT_TEAM = H2MF6LA832;
				GENERATE_INFOPLIST_FILE = YES;
				IPHONEOS_DEPLOYMENT_TARGET = 15.0;
				LD_RUNPATH_SEARCH_PATHS = (
					"$(inherited)",
					"@executable_path/Frameworks",
					"@loader_path/Frameworks",
				);
				MARKETING_VERSION = 1.0;
				PRODUCT_BUNDLE_IDENTIFIER = com.justinbengtson.SleepCloneTests;
				PRODUCT_NAME = "$(TARGET_NAME)";
				SWIFT_EMIT_LOC_STRINGS = NO;
				SWIFT_VERSION = 5.0;
				TARGETED_DEVICE_FAMILY = "1,2";
				TEST_HOST = "$(BUILT_PRODUCTS_DIR)/SleepClone.app/SleepClone";
			};
			name = Release;
		};
		C212F49F27651D270030FFC7 /* Debug */ = {
			isa = XCBuildConfiguration;
			buildSettings = {
				ALWAYS_EMBED_SWIFT_STANDARD_LIBRARIES = YES;
				CODE_SIGN_STYLE = Automatic;
				CURRENT_PROJECT_VERSION = 1;
				DEVELOPMENT_TEAM = H2MF6LA832;
				GENERATE_INFOPLIST_FILE = YES;
				LD_RUNPATH_SEARCH_PATHS = (
					"$(inherited)",
					"@executable_path/Frameworks",
					"@loader_path/Frameworks",
				);
				MARKETING_VERSION = 1.0;
				PRODUCT_BUNDLE_IDENTIFIER = com.justinbengtson.SleepCloneUITests;
				PRODUCT_NAME = "$(TARGET_NAME)";
				SWIFT_EMIT_LOC_STRINGS = NO;
				SWIFT_VERSION = 5.0;
				TARGETED_DEVICE_FAMILY = "1,2";
				TEST_TARGET_NAME = SleepClone;
			};
			name = Debug;
		};
		C212F4A027651D270030FFC7 /* Release */ = {
			isa = XCBuildConfiguration;
			buildSettings = {
				ALWAYS_EMBED_SWIFT_STANDARD_LIBRARIES = YES;
				CODE_SIGN_STYLE = Automatic;
				CURRENT_PROJECT_VERSION = 1;
				DEVELOPMENT_TEAM = H2MF6LA832;
				GENERATE_INFOPLIST_FILE = YES;
				LD_RUNPATH_SEARCH_PATHS = (
					"$(inherited)",
					"@executable_path/Frameworks",
					"@loader_path/Frameworks",
				);
				MARKETING_VERSION = 1.0;
				PRODUCT_BUNDLE_IDENTIFIER = com.justinbengtson.SleepCloneUITests;
				PRODUCT_NAME = "$(TARGET_NAME)";
				SWIFT_EMIT_LOC_STRINGS = NO;
				SWIFT_VERSION = 5.0;
				TARGETED_DEVICE_FAMILY = "1,2";
				TEST_TARGET_NAME = SleepClone;
			};
			name = Release;
		};
/* End XCBuildConfiguration section */

/* Begin XCConfigurationList section */
		C212F46927651D260030FFC7 /* Build configuration list for PBXProject "SleepClone" */ = {
			isa = XCConfigurationList;
			buildConfigurations = (
				C212F49627651D270030FFC7 /* Debug */,
				C212F49727651D270030FFC7 /* Release */,
			);
			defaultConfigurationIsVisible = 0;
			defaultConfigurationName = Release;
		};
		C212F49827651D270030FFC7 /* Build configuration list for PBXNativeTarget "SleepClone" */ = {
			isa = XCConfigurationList;
			buildConfigurations = (
				C212F49927651D270030FFC7 /* Debug */,
				C212F49A27651D270030FFC7 /* Release */,
			);
			defaultConfigurationIsVisible = 0;
			defaultConfigurationName = Release;
		};
		C212F49B27651D270030FFC7 /* Build configuration list for PBXNativeTarget "SleepCloneTests" */ = {
			isa = XCConfigurationList;
			buildConfigurations = (
				C212F49C27651D270030FFC7 /* Debug */,
				C212F49D27651D270030FFC7 /* Release */,
			);
			defaultConfigurationIsVisible = 0;
			defaultConfigurationName = Release;
		};
		C212F49E27651D270030FFC7 /* Build configuration list for PBXNativeTarget "SleepCloneUITests" */ = {
			isa = XCConfigurationList;
			buildConfigurations = (
				C212F49F27651D270030FFC7 /* Debug */,
				C212F4A027651D270030FFC7 /* Release */,
			);
			defaultConfigurationIsVisible = 0;
			defaultConfigurationName = Release;
		};
/* End XCConfigurationList section */
	};
	rootObject = C212F46627651D260030FFC7 /* Project object */;
}
